
Microsoft Visual Studio Solution File, Format Version 12.00
# Visual Studio Version 17
VisualStudioVersion = 17.0.31903.59
MinimumVisualStudioVersion = 10.0.40219.1
Project("{2150E333-8FDC-42A3-9474-1A3956D46DE8}") = "src", "src", "{827E0CD3-B72D-47B6-A68D-7590B98EB39B}"
EndProject
Project("{2150E333-8FDC-42A3-9474-1A3956D46DE8}") = "tests", "tests", "{A2B5F1E9-4C3D-4E5F-9A1B-2C3D4E5F6A7B}"
EndProject
Project("{FAE04EC0-301F-11D3-BF4B-00C04F79EFBC}") = "ContractingPlatform.Core", "src\ContractingPlatform.Core\ContractingPlatform.Core.csproj", "{CEDCF085-42E0-4E0E-BADF-456B31B9BBA7}"
EndProject
Project("{FAE04EC0-301F-11D3-BF4B-00C04F79EFBC}") = "ContractingPlatform.Infrastructure", "src\ContractingPlatform.Infrastructure\ContractingPlatform.Infrastructure.csproj", "{AB29C655-586C-423B-A661-A366B52379AD}"
EndProject
Project("{FAE04EC0-301F-11D3-BF4B-00C04F79EFBC}") = "ContractingPlatform.Api", "src\ContractingPlatform.Api\ContractingPlatform.Api.csproj", "{104433A5-DDEB-4ED2-9B69-C0143A49E874}"
EndProject
Project("{FAE04EC0-301F-11D3-BF4B-00C04F79EFBC}") = "ContractingPlatform.Api.UnitTests", "tests\ContractingPlatform.Api.UnitTests\ContractingPlatform.Api.UnitTests.csproj", "{B1C2D3E4-F5A6-7B8C-9D0E-1F2A3B4C5D6E}"
EndProject
Project("{FAE04EC0-301F-11D3-BF4B-00C04F79EFBC}") = "ContractingPlatform.Api.IntegrationTests", "tests\ContractingPlatform.Api.IntegrationTests\ContractingPlatform.Api.IntegrationTests.csproj", "{C2D3E4F5-A6B7-8C9D-0E1F-2A3B4C5D6E7F}"
EndProject
Global
	GlobalSection(SolutionConfigurationPlatforms) = preSolution
		Debug|Any CPU = Debug|Any CPU
		Debug|x64 = Debug|x64
		Debug|x86 = Debug|x86
		Release|Any CPU = Release|Any CPU
		Release|x64 = Release|x64
		Release|x86 = Release|x86
	EndGlobalSection
	GlobalSection(ProjectConfigurationPlatforms) = postSolution
		{CEDCF085-42E0-4E0E-BADF-456B31B9BBA7}.Debug|Any CPU.ActiveCfg = Debug|Any CPU
		{CEDCF085-42E0-4E0E-BADF-456B31B9BBA7}.Debug|Any CPU.Build.0 = Debug|Any CPU
		{CEDCF085-42E0-4E0E-BADF-456B31B9BBA7}.Debug|x64.ActiveCfg = Debug|Any CPU
		{CEDCF085-42E0-4E0E-BADF-456B31B9BBA7}.Debug|x64.Build.0 = Debug|Any CPU
		{CEDCF085-42E0-4E0E-BADF-456B31B9BBA7}.Debug|x86.ActiveCfg = Debug|Any CPU
		{CEDCF085-42E0-4E0E-BADF-456B31B9BBA7}.Debug|x86.Build.0 = Debug|Any CPU
		{CEDCF085-42E0-4E0E-BADF-456B31B9BBA7}.Release|Any CPU.ActiveCfg = Release|Any CPU
		{CEDCF085-42E0-4E0E-BADF-456B31B9BBA7}.Release|Any CPU.Build.0 = Release|Any CPU
		{CEDCF085-42E0-4E0E-BADF-456B31B9BBA7}.Release|x64.ActiveCfg = Release|Any CPU
		{CEDCF085-42E0-4E0E-BADF-456B31B9BBA7}.Release|x64.Build.0 = Release|Any CPU
		{CEDCF085-42E0-4E0E-BADF-456B31B9BBA7}.Release|x86.ActiveCfg = Release|Any CPU
		{CEDCF085-42E0-4E0E-BADF-456B31B9BBA7}.Release|x86.Build.0 = Release|Any CPU
		{AB29C655-586C-423B-A661-A366B52379AD}.Debug|Any CPU.ActiveCfg = Debug|Any CPU
		{AB29C655-586C-423B-A661-A366B52379AD}.Debug|Any CPU.Build.0 = Debug|Any CPU
		{AB29C655-586C-423B-A661-A366B52379AD}.Debug|x64.ActiveCfg = Debug|Any CPU
		{AB29C655-586C-423B-A661-A366B52379AD}.Debug|x64.Build.0 = Debug|Any CPU
		{AB29C655-586C-423B-A661-A366B52379AD}.Debug|x86.ActiveCfg = Debug|Any CPU
		{AB29C655-586C-423B-A661-A366B52379AD}.Debug|x86.Build.0 = Debug|Any CPU
		{AB29C655-586C-423B-A661-A366B52379AD}.Release|Any CPU.ActiveCfg = Release|Any CPU
		{AB29C655-586C-423B-A661-A366B52379AD}.Release|Any CPU.Build.0 = Release|Any CPU
		{AB29C655-586C-423B-A661-A366B52379AD}.Release|x64.ActiveCfg = Release|Any CPU
		{AB29C655-586C-423B-A661-A366B52379AD}.Release|x64.Build.0 = Release|Any CPU
		{AB29C655-586C-423B-A661-A366B52379AD}.Release|x86.ActiveCfg = Release|Any CPU
		{AB29C655-586C-423B-A661-A366B52379AD}.Release|x86.Build.0 = Release|Any CPU
		{104433A5-DDEB-4ED2-9B69-C0143A49E874}.Debug|Any CPU.ActiveCfg = Debug|Any CPU
		{104433A5-DDEB-4ED2-9B69-C0143A49E874}.Debug|Any CPU.Build.0 = Debug|Any CPU
		{104433A5-DDEB-4ED2-9B69-C0143A49E874}.Debug|x64.ActiveCfg = Debug|Any CPU
		{104433A5-DDEB-4ED2-9B69-C0143A49E874}.Debug|x64.Build.0 = Debug|Any CPU
		{104433A5-DDEB-4ED2-9B69-C0143A49E874}.Debug|x86.ActiveCfg = Debug|Any CPU
		{104433A5-DDEB-4ED2-9B69-C0143A49E874}.Debug|x86.Build.0 = Debug|Any CPU
		{104433A5-DDEB-4ED2-9B69-C0143A49E874}.Release|Any CPU.ActiveCfg = Release|Any CPU
		{104433A5-DDEB-4ED2-9B69-C0143A49E874}.Release|Any CPU.Build.0 = Release|Any CPU
		{104433A5-DDEB-4ED2-9B69-C0143A49E874}.Release|x64.ActiveCfg = Release|Any CPU
		{104433A5-DDEB-4ED2-9B69-C0143A49E874}.Release|x64.Build.0 = Release|Any CPU
		{104433A5-DDEB-4ED2-9B69-C0143A49E874}.Release|x86.ActiveCfg = Release|Any CPU
		{104433A5-DDEB-4ED2-9B69-C0143A49E874}.Release|x86.Build.0 = Release|Any CPU
		{B1C2D3E4-F5A6-7B8C-9D0E-1F2A3B4C5D6E}.Debug|Any CPU.ActiveCfg = Debug|Any CPU
		{B1C2D3E4-F5A6-7B8C-9D0E-1F2A3B4C5D6E}.Debug|Any CPU.Build.0 = Debug|Any CPU
		{B1C2D3E4-F5A6-7B8C-9D0E-1F2A3B4C5D6E}.Debug|x64.ActiveCfg = Debug|Any CPU
		{B1C2D3E4-F5A6-7B8C-9D0E-1F2A3B4C5D6E}.Debug|x64.Build.0 = Debug|Any CPU
		{B1C2D3E4-F5A6-7B8C-9D0E-1F2A3B4C5D6E}.Debug|x86.ActiveCfg = Debug|Any CPU
		{B1C2D3E4-F5A6-7B8C-9D0E-1F2A3B4C5D6E}.Debug|x86.Build.0 = Debug|Any CPU
		{B1C2D3E4-F5A6-7B8C-9D0E-1F2A3B4C5D6E}.Release|Any CPU.ActiveCfg = Release|Any CPU
		{B1C2D3E4-F5A6-7B8C-9D0E-1F2A3B4C5D6E}.Release|Any CPU.Build.0 = Release|Any CPU
		{B1C2D3E4-F5A6-7B8C-9D0E-1F2A3B4C5D6E}.Release|x64.ActiveCfg = Release|Any CPU
		{B1C2D3E4-F5A6-7B8C-9D0E-1F2A3B4C5D6E}.Release|x64.Build.0 = Release|Any CPU
		{B1C2D3E4-F5A6-7B8C-9D0E-1F2A3B4C5D6E}.Release|x86.ActiveCfg = Release|Any CPU
		{B1C2D3E4-F5A6-7B8C-9D0E-1F2A3B4C5D6E}.Release|x86.Build.0 = Release|Any CPU
		{C2D3E4F5-A6B7-8C9D-0E1F-2A3B4C5D6E7F}.Debug|Any CPU.ActiveCfg = Debug|Any CPU
		{C2D3E4F5-A6B7-8C9D-0E1F-2A3B4C5D6E7F}.Debug|Any CPU.Build.0 = Debug|Any CPU
		{C2D3E4F5-A6B7-8C9D-0E1F-2A3B4C5D6E7F}.Debug|x64.ActiveCfg = Debug|Any CPU
		{C2D3E4F5-A6B7-8C9D-0E1F-2A3B4C5D6E7F}.Debug|x64.Build.0 = Debug|Any CPU
		{C2D3E4F5-A6B7-8C9D-0E1F-2A3B4C5D6E7F}.Debug|x86.ActiveCfg = Debug|Any CPU
		{C2D3E4F5-A6B7-8C9D-0E1F-2A3B4C5D6E7F}.Debug|x86.Build.0 = Debug|Any CPU
		{C2D3E4F5-A6B7-8C9D-0E1F-2A3B4C5D6E7F}.Release|Any CPU.ActiveCfg = Release|Any CPU
		{C2D3E4F5-A6B7-8C9D-0E1F-2A3B4C5D6E7F}.Release|Any CPU.Build.0 = Release|Any CPU
		{C2D3E4F5-A6B7-8C9D-0E1F-2A3B4C5D6E7F}.Release|x64.ActiveCfg = Release|Any CPU
		{C2D3E4F5-A6B7-8C9D-0E1F-2A3B4C5D6E7F}.Release|x64.Build.0 = Release|Any CPU
		{C2D3E4F5-A6B7-8C9D-0E1F-2A3B4C5D6E7F}.Release|x86.ActiveCfg = Release|Any CPU
		{C2D3E4F5-A6B7-8C9D-0E1F-2A3B4C5D6E7F}.Release|x86.Build.0 = Release|Any CPU
	EndGlobalSection
	GlobalSection(SolutionProperties) = preSolution
		HideSolutionNode = FALSE
	EndGlobalSection
	GlobalSection(NestedProjects) = preSolution
		{CEDCF085-42E0-4E0E-BADF-456B31B9BBA7} = {827E0CD3-B72D-47B6-A68D-7590B98EB39B}
		{AB29C655-586C-423B-A661-A366B52379AD} = {827E0CD3-B72D-47B6-A68D-7590B98EB39B}
		{104433A5-DDEB-4ED2-9B69-C0143A49E874} = {827E0CD3-B72D-47B6-A68D-7590B98EB39B}
		{B1C2D3E4-F5A6-7B8C-9D0E-1F2A3B4C5D6E} = {A2B5F1E9-4C3D-4E5F-9A1B-2C3D4E5F6A7B}
		{C2D3E4F5-A6B7-8C9D-0E1F-2A3B4C5D6E7F} = {A2B5F1E9-4C3D-4E5F-9A1B-2C3D4E5F6A7B}
	EndGlobalSection
EndGlobal
